
Microsoft Visual Studio Solution File, Format Version 12.00
# Visual Studio 15
VisualStudioVersion = 15.0.28010.2036
MinimumVisualStudioVersion = 10.0.40219.1
Project("{9A19103F-16F7-4668-BE54-9A1E7A4F7556}") = "YouLearn.Domain", "YouLearn.Domain\YouLearn.Domain.csproj", "{3EB639E0-2902-4BD8-81F5-79E1BE40D87F}"
EndProject
Project("{FAE04EC0-301F-11D3-BF4B-00C04F79EFBC}") = "YouLearn.Infra", "YouLearn.Infra\YouLearn.Infra.csproj", "{0FD83261-D45D-4400-99FA-794BF843F3C2}"
EndProject
Project("{FAE04EC0-301F-11D3-BF4B-00C04F79EFBC}") = "YouLearn.Shared", "YouLearn.Shared\YouLearn.Shared.csproj", "{C948AE29-CBD0-4A29-A4AB-D2F0145616F5}"
EndProject
Project("{FAE04EC0-301F-11D3-BF4B-00C04F79EFBC}") = "YouLearn.Api", "YouLearn.Api\YouLearn.Api.csproj", "{785C27F0-F562-43DA-A88D-8D8B6F2A586D}"
EndProject
Global
	GlobalSection(SolutionConfigurationPlatforms) = preSolution
		Debug|Any CPU = Debug|Any CPU
		Release|Any CPU = Release|Any CPU
	EndGlobalSection
	GlobalSection(ProjectConfigurationPlatforms) = postSolution
		{3EB639E0-2902-4BD8-81F5-79E1BE40D87F}.Debug|Any CPU.ActiveCfg = Debug|Any CPU
		{3EB639E0-2902-4BD8-81F5-79E1BE40D87F}.Debug|Any CPU.Build.0 = Debug|Any CPU
		{3EB639E0-2902-4BD8-81F5-79E1BE40D87F}.Release|Any CPU.ActiveCfg = Release|Any CPU
		{3EB639E0-2902-4BD8-81F5-79E1BE40D87F}.Release|Any CPU.Build.0 = Release|Any CPU
		{0FD83261-D45D-4400-99FA-794BF843F3C2}.Debug|Any CPU.ActiveCfg = Debug|Any CPU
		{0FD83261-D45D-4400-99FA-794BF843F3C2}.Debug|Any CPU.Build.0 = Debug|Any CPU
		{0FD83261-D45D-4400-99FA-794BF843F3C2}.Release|Any CPU.ActiveCfg = Release|Any CPU
		{0FD83261-D45D-4400-99FA-794BF843F3C2}.Release|Any CPU.Build.0 = Release|Any CPU
		{C948AE29-CBD0-4A29-A4AB-D2F0145616F5}.Debug|Any CPU.ActiveCfg = Debug|Any CPU
		{C948AE29-CBD0-4A29-A4AB-D2F0145616F5}.Debug|Any CPU.Build.0 = Debug|Any CPU
		{C948AE29-CBD0-4A29-A4AB-D2F0145616F5}.Release|Any CPU.ActiveCfg = Release|Any CPU
		{C948AE29-CBD0-4A29-A4AB-D2F0145616F5}.Release|Any CPU.Build.0 = Release|Any CPU
		{785C27F0-F562-43DA-A88D-8D8B6F2A586D}.Debug|Any CPU.ActiveCfg = Debug|Any CPU
		{785C27F0-F562-43DA-A88D-8D8B6F2A586D}.Debug|Any CPU.Build.0 = Debug|Any CPU
		{785C27F0-F562-43DA-A88D-8D8B6F2A586D}.Release|Any CPU.ActiveCfg = Release|Any CPU
		{785C27F0-F562-43DA-A88D-8D8B6F2A586D}.Release|Any CPU.Build.0 = Release|Any CPU
	EndGlobalSection
	GlobalSection(SolutionProperties) = preSolution
		HideSolutionNode = FALSE
	EndGlobalSection
	GlobalSection(ExtensibilityGlobals) = postSolution
		SolutionGuid = {423948FC-9B96-4344-9988-B5753664D685}
	EndGlobalSection
EndGlobal
